
Microsoft Visual Studio Solution File, Format Version 12.00
# Visual Studio Version 17
VisualStudioVersion = 17.9.34728.123
MinimumVisualStudioVersion = 10.0.40219.1
Project("{FAE04EC0-301F-11D3-BF4B-00C04F79EFBC}") = "KullaniciYonetimi.UI", "KullaniciYonetimi.UI\KullaniciYonetimi.UI.csproj", "{1A5D6B79-B452-4080-AFA1-FC8F127E0653}"
EndProject
Global
	GlobalSection(SolutionConfigurationPlatforms) = preSolution
		Debug|Any CPU = Debug|Any CPU
		Release|Any CPU = Release|Any CPU
	EndGlobalSection
	GlobalSection(ProjectConfigurationPlatforms) = postSolution
		{1A5D6B79-B452-4080-AFA1-FC8F127E0653}.Debug|Any CPU.ActiveCfg = Debug|Any CPU
		{1A5D6B79-B452-4080-AFA1-FC8F127E0653}.Debug|Any CPU.Build.0 = Debug|Any CPU
		{1A5D6B79-B452-4080-AFA1-FC8F127E0653}.Release|Any CPU.ActiveCfg = Release|Any CPU
		{1A5D6B79-B452-4080-AFA1-FC8F127E0653}.Release|Any CPU.Build.0 = Release|Any CPU
	EndGlobalSection
	GlobalSection(SolutionProperties) = preSolution
		HideSolutionNode = FALSE
	EndGlobalSection
	GlobalSection(ExtensibilityGlobals) = postSolution
		SolutionGuid = {1FE08304-422C-4ECE-8C82-13E019202736}
	EndGlobalSection
EndGlobal
